
Microsoft Visual Studio Solution File, Format Version 12.00
Project("{FAE04EC0-301F-11D3-BF4B-00C04F79EFBC}") = "FileClassification", "FileClassification\FileClassification.csproj", "{A3A7E59E-2CD5-44F1-81E6-3D5245E94EA4}"
EndProject
Project("{FAE04EC0-301F-11D3-BF4B-00C04F79EFBC}") = "FileClassification.ViewModel", "FileClassification.ViewModel\FileClassification.ViewModel.csproj", "{A2121276-B138-48C4-8C58-7CA27840849D}"
EndProject
Global
	GlobalSection(SolutionConfigurationPlatforms) = preSolution
		Debug|Any CPU = Debug|Any CPU
		Release|Any CPU = Release|Any CPU
	EndGlobalSection
	GlobalSection(ProjectConfigurationPlatforms) = postSolution
		{A3A7E59E-2CD5-44F1-81E6-3D5245E94EA4}.Debug|Any CPU.ActiveCfg = Debug|Any CPU
		{A3A7E59E-2CD5-44F1-81E6-3D5245E94EA4}.Debug|Any CPU.Build.0 = Debug|Any CPU
		{A3A7E59E-2CD5-44F1-81E6-3D5245E94EA4}.Release|Any CPU.ActiveCfg = Release|Any CPU
		{A3A7E59E-2CD5-44F1-81E6-3D5245E94EA4}.Release|Any CPU.Build.0 = Release|Any CPU
		{A2121276-B138-48C4-8C58-7CA27840849D}.Debug|Any CPU.ActiveCfg = Debug|Any CPU
		{A2121276-B138-48C4-8C58-7CA27840849D}.Debug|Any CPU.Build.0 = Debug|Any CPU
		{A2121276-B138-48C4-8C58-7CA27840849D}.Release|Any CPU.ActiveCfg = Release|Any CPU
		{A2121276-B138-48C4-8C58-7CA27840849D}.Release|Any CPU.Build.0 = Release|Any CPU
	EndGlobalSection
EndGlobal
